
Microsoft Visual Studio Solution File, Format Version 12.00
# Visual Studio Version 16
VisualStudioVersion = 16.0.30517.126
MinimumVisualStudioVersion = 10.0.40219.1
Project("{FAE04EC0-301F-11D3-BF4B-00C04F79EFBC}") = "DO_AN_C", "DO_AN_C\DO_AN_C.csproj", "{A3287D2A-7D56-49F9-BB83-E0018579BF3F}"
EndProject
Global
	GlobalSection(SolutionConfigurationPlatforms) = preSolution
		Debug|Any CPU = Debug|Any CPU
		Release|Any CPU = Release|Any CPU
	EndGlobalSection
	GlobalSection(ProjectConfigurationPlatforms) = postSolution
		{A3287D2A-7D56-49F9-BB83-E0018579BF3F}.Debug|Any CPU.ActiveCfg = Debug|Any CPU
		{A3287D2A-7D56-49F9-BB83-E0018579BF3F}.Debug|Any CPU.Build.0 = Debug|Any CPU
		{A3287D2A-7D56-49F9-BB83-E0018579BF3F}.Release|Any CPU.ActiveCfg = Release|Any CPU
		{A3287D2A-7D56-49F9-BB83-E0018579BF3F}.Release|Any CPU.Build.0 = Release|Any CPU
	EndGlobalSection
	GlobalSection(SolutionProperties) = preSolution
		HideSolutionNode = FALSE
	EndGlobalSection
	GlobalSection(ExtensibilityGlobals) = postSolution
		SolutionGuid = {4AB3400F-F097-454D-A433-8B4FF4B1B57A}
	EndGlobalSection
EndGlobal
